
Microsoft Visual Studio Solution File, Format Version 12.00
# Visual Studio Version 16
VisualStudioVersion = 16.0.29709.97
MinimumVisualStudioVersion = 10.0.40219.1
Project("{FAE04EC0-301F-11D3-BF4B-00C04F79EFBC}") = "Exercise 32", "Exercise 32.csproj", "{DE2F2FD3-F066-43B6-A053-FB7916B14778}"
EndProject
Global
	GlobalSection(SolutionConfigurationPlatforms) = preSolution
		Debug|Any CPU = Debug|Any CPU
		Release|Any CPU = Release|Any CPU
	EndGlobalSection
	GlobalSection(ProjectConfigurationPlatforms) = postSolution
		{DE2F2FD3-F066-43B6-A053-FB7916B14778}.Debug|Any CPU.ActiveCfg = Debug|Any CPU
		{DE2F2FD3-F066-43B6-A053-FB7916B14778}.Debug|Any CPU.Build.0 = Debug|Any CPU
		{DE2F2FD3-F066-43B6-A053-FB7916B14778}.Release|Any CPU.ActiveCfg = Release|Any CPU
		{DE2F2FD3-F066-43B6-A053-FB7916B14778}.Release|Any CPU.Build.0 = Release|Any CPU
	EndGlobalSection
	GlobalSection(SolutionProperties) = preSolution
		HideSolutionNode = FALSE
	EndGlobalSection
	GlobalSection(ExtensibilityGlobals) = postSolution
		SolutionGuid = {EBA295B5-0A39-4545-8F72-0CE8A48EF992}
	EndGlobalSection
EndGlobal
