
Microsoft Visual Studio Solution File, Format Version 12.00
# Visual Studio Version 16
VisualStudioVersion = 16.0.29709.97
MinimumVisualStudioVersion = 10.0.40219.1
Project("{FAE04EC0-301F-11D3-BF4B-00C04F79EFBC}") = "Fiddle - reworked without methods", "Fiddle - reworked without methods.csproj", "{C0142869-A665-4AB8-9A55-18BD2A56C492}"
EndProject
Global
	GlobalSection(SolutionConfigurationPlatforms) = preSolution
		Debug|Any CPU = Debug|Any CPU
		Release|Any CPU = Release|Any CPU
	EndGlobalSection
	GlobalSection(ProjectConfigurationPlatforms) = postSolution
		{C0142869-A665-4AB8-9A55-18BD2A56C492}.Debug|Any CPU.ActiveCfg = Debug|Any CPU
		{C0142869-A665-4AB8-9A55-18BD2A56C492}.Debug|Any CPU.Build.0 = Debug|Any CPU
		{C0142869-A665-4AB8-9A55-18BD2A56C492}.Release|Any CPU.ActiveCfg = Release|Any CPU
		{C0142869-A665-4AB8-9A55-18BD2A56C492}.Release|Any CPU.Build.0 = Release|Any CPU
	EndGlobalSection
	GlobalSection(SolutionProperties) = preSolution
		HideSolutionNode = FALSE
	EndGlobalSection
	GlobalSection(ExtensibilityGlobals) = postSolution
		SolutionGuid = {2D2C1AE2-452C-4286-8CAA-28A35B7F15DE}
	EndGlobalSection
EndGlobal
